
Microsoft Visual Studio Solution File, Format Version 12.00
# Visual Studio Version 16
VisualStudioVersion = 16.0.30717.126
MinimumVisualStudioVersion = 10.0.40219.1
Project("{9A19103F-16F7-4668-BE54-9A1E7A4F7556}") = "NtireArchitecturewithAdo", "NtireArchitecturewithAdo\NtireArchitecturewithAdo.csproj", "{F88D6D9D-7429-4698-92E2-9158014EB5FA}"
EndProject
Project("{FAE04EC0-301F-11D3-BF4B-00C04F79EFBC}") = "DataAccessLayer", "DataAccessLayer\DataAccessLayer.csproj", "{0654C22C-74D0-4E48-B263-53A92E42D6C0}"
EndProject
Project("{FAE04EC0-301F-11D3-BF4B-00C04F79EFBC}") = "BusinessLogicLayer", "BusinessLogicLayer\BusinessLogicLayer.csproj", "{ECA69EBA-869D-4693-9F1F-FE7D8A836354}"
EndProject
Project("{FAE04EC0-301F-11D3-BF4B-00C04F79EFBC}") = "API", "API\API.csproj", "{2AB793B2-8C68-4EA2-A760-E73F4B0642D3}"
EndProject
Project("{FAE04EC0-301F-11D3-BF4B-00C04F79EFBC}") = "APIConsumer", "APIConsumer\APIConsumer.csproj", "{A0AEA983-2960-46EF-B42B-AC10688DA049}"
EndProject
Global
	GlobalSection(SolutionConfigurationPlatforms) = preSolution
		Debug|Any CPU = Debug|Any CPU
		Release|Any CPU = Release|Any CPU
	EndGlobalSection
	GlobalSection(ProjectConfigurationPlatforms) = postSolution
		{F88D6D9D-7429-4698-92E2-9158014EB5FA}.Debug|Any CPU.ActiveCfg = Debug|Any CPU
		{F88D6D9D-7429-4698-92E2-9158014EB5FA}.Debug|Any CPU.Build.0 = Debug|Any CPU
		{F88D6D9D-7429-4698-92E2-9158014EB5FA}.Release|Any CPU.ActiveCfg = Release|Any CPU
		{F88D6D9D-7429-4698-92E2-9158014EB5FA}.Release|Any CPU.Build.0 = Release|Any CPU
		{0654C22C-74D0-4E48-B263-53A92E42D6C0}.Debug|Any CPU.ActiveCfg = Debug|Any CPU
		{0654C22C-74D0-4E48-B263-53A92E42D6C0}.Debug|Any CPU.Build.0 = Debug|Any CPU
		{0654C22C-74D0-4E48-B263-53A92E42D6C0}.Release|Any CPU.ActiveCfg = Release|Any CPU
		{0654C22C-74D0-4E48-B263-53A92E42D6C0}.Release|Any CPU.Build.0 = Release|Any CPU
		{ECA69EBA-869D-4693-9F1F-FE7D8A836354}.Debug|Any CPU.ActiveCfg = Debug|Any CPU
		{ECA69EBA-869D-4693-9F1F-FE7D8A836354}.Debug|Any CPU.Build.0 = Debug|Any CPU
		{ECA69EBA-869D-4693-9F1F-FE7D8A836354}.Release|Any CPU.ActiveCfg = Release|Any CPU
		{ECA69EBA-869D-4693-9F1F-FE7D8A836354}.Release|Any CPU.Build.0 = Release|Any CPU
		{2AB793B2-8C68-4EA2-A760-E73F4B0642D3}.Debug|Any CPU.ActiveCfg = Debug|Any CPU
		{2AB793B2-8C68-4EA2-A760-E73F4B0642D3}.Debug|Any CPU.Build.0 = Debug|Any CPU
		{2AB793B2-8C68-4EA2-A760-E73F4B0642D3}.Release|Any CPU.ActiveCfg = Release|Any CPU
		{2AB793B2-8C68-4EA2-A760-E73F4B0642D3}.Release|Any CPU.Build.0 = Release|Any CPU
		{A0AEA983-2960-46EF-B42B-AC10688DA049}.Debug|Any CPU.ActiveCfg = Debug|Any CPU
		{A0AEA983-2960-46EF-B42B-AC10688DA049}.Debug|Any CPU.Build.0 = Debug|Any CPU
		{A0AEA983-2960-46EF-B42B-AC10688DA049}.Release|Any CPU.ActiveCfg = Release|Any CPU
		{A0AEA983-2960-46EF-B42B-AC10688DA049}.Release|Any CPU.Build.0 = Release|Any CPU
	EndGlobalSection
	GlobalSection(SolutionProperties) = preSolution
		HideSolutionNode = FALSE
	EndGlobalSection
	GlobalSection(ExtensibilityGlobals) = postSolution
		SolutionGuid = {9111E01C-B3F7-4D0B-8E7A-8701418E10B2}
	EndGlobalSection
EndGlobal
